
Microsoft Visual Studio Solution File, Format Version 12.00
# Visual Studio Version 17
VisualStudioVersion = 17.2.32602.215
MinimumVisualStudioVersion = 10.0.40219.1
Project("{9A19103F-16F7-4668-BE54-9A1E7A4F7556}") = "HW.01.Casting", "HW.01.Casting\HW.01.Casting.csproj", "{D7FC70F3-E366-4F17-9C37-1BEC40F9A5CB}"
EndProject
Project("{9A19103F-16F7-4668-BE54-9A1E7A4F7556}") = "HW.02.Types", "HW.02.Types\HW.02.Types.csproj", "{9335C487-48E8-4940-B0E8-F07DF2603E40}"
EndProject
Project("{9A19103F-16F7-4668-BE54-9A1E7A4F7556}") = "HW.03.QuadraticFormula", "HW.03.QuadraticFormula\HW.03.QuadraticFormula.csproj", "{002C510A-27B9-4140-9BD5-210C5726CD3E}"
EndProject
Project("{9A19103F-16F7-4668-BE54-9A1E7A4F7556}") = "HW.04.Image", "HW.04.Image\HW.04.Image.csproj", "{1F4D4D54-D4CC-444D-93EE-A5BF778B82CD}"
EndProject
Project("{9A19103F-16F7-4668-BE54-9A1E7A4F7556}") = "HW03.Birthday", "HW03.Birthday\HW03.Birthday.csproj", "{576486FF-9A13-49E1-8E45-689FE8D55F93}"
EndProject
Project("{9A19103F-16F7-4668-BE54-9A1E7A4F7556}") = "HW04.Operators1", "HW04.Operators1\HW04.Operators1.csproj", "{7232BBAC-95E8-4EA0-88B7-EE361FF79B74}"
EndProject
Project("{9A19103F-16F7-4668-BE54-9A1E7A4F7556}") = "HW04.Operators2", "HW04.Operators2\HW04.Operators2.csproj", "{7DC92B8E-4252-47FB-B5CB-9F9439D6B469}"
EndProject
Project("{9A19103F-16F7-4668-BE54-9A1E7A4F7556}") = "HW04.Operators3", "HW04.Operators3\HW04.Operators3.csproj", "{E514D224-8CEB-4925-9F5A-B14FBC13AE8D}"
EndProject
Project("{9A19103F-16F7-4668-BE54-9A1E7A4F7556}") = "HW04.Operators4", "HW04.Operators4\HW04.Operators4.csproj", "{D4341B13-E431-4A37-9D72-BE60A0B65B48}"
EndProject
Project("{9A19103F-16F7-4668-BE54-9A1E7A4F7556}") = "HW04.Loops", "HW04.Loops\HW04.Loops.csproj", "{C39EDC7E-79A5-48E8-8501-CB7AEFCA0A96}"
EndProject
Project("{9A19103F-16F7-4668-BE54-9A1E7A4F7556}") = "HW04.Game", "HW04.Game\HW04.Game.csproj", "{0924C306-2D6F-45D6-A65C-89DF1E19E008}"
EndProject
Project("{9A19103F-16F7-4668-BE54-9A1E7A4F7556}") = "HW.05.Task1", "HW.05.Task1\HW.05.Task1.csproj", "{522CA2D1-4F96-4679-9BAB-247F64CE257C}"
EndProject
Project("{9A19103F-16F7-4668-BE54-9A1E7A4F7556}") = "HW.05.Task2", "HW.05.Task2\HW.05.Task2.csproj", "{90B75FA1-E835-4335-9A87-AAA8F9474022}"
EndProject
Project("{9A19103F-16F7-4668-BE54-9A1E7A4F7556}") = "HW.05.Task3", "HW.05.Task3\HW.05.Task3.csproj", "{AC5D105A-1C4B-45DA-AEE9-6D986D5578D6}"
EndProject
Project("{9A19103F-16F7-4668-BE54-9A1E7A4F7556}") = "HW.05.Task4", "HW.05.Task4\HW.05.Task4.csproj", "{73D6686D-6A89-4933-AC2B-774817141715}"
EndProject
Project("{9A19103F-16F7-4668-BE54-9A1E7A4F7556}") = "HW.06.Task1", "HW.06.Task1\HW.06.Task1.csproj", "{3DE4E240-3D3E-4B1E-82A5-0363ED734175}"
EndProject
Project("{9A19103F-16F7-4668-BE54-9A1E7A4F7556}") = "HW.06.Task2", "HW.06.Task2\HW.06.Task2.csproj", "{9825C4F0-443F-4810-A643-506DE2B51D64}"
EndProject
Project("{9A19103F-16F7-4668-BE54-9A1E7A4F7556}") = "HW.06.Task3", "HW.06.Task3\HW.06.Task3.csproj", "{B3FE0666-0503-488C-88F5-870BABAB86CE}"
EndProject
Project("{9A19103F-16F7-4668-BE54-9A1E7A4F7556}") = "HW.06.Task4", "HW.06.Task4\HW.06.Task4.csproj", "{87157E43-D354-4331-B169-23B0868D7A09}"
EndProject
Project("{9A19103F-16F7-4668-BE54-9A1E7A4F7556}") = "HW.07.Task1", "HW.07.Task1\HW.07.Task1.csproj", "{840623EF-1343-41EC-B7E3-8DB4CAEAD115}"
EndProject
Project("{9A19103F-16F7-4668-BE54-9A1E7A4F7556}") = "HW.07.Task2.AssemblyOne", "HW.07.Task2.AssemblyOne\HW.07.Task2.AssemblyOne.csproj", "{8CF0584E-8873-48CD-80DE-3F623FF88DE2}"
EndProject
Project("{9A19103F-16F7-4668-BE54-9A1E7A4F7556}") = "HW.07.Task2.AssemblyTwo", "HW.07.Task2.AssemblyTwo\HW.07.Task2.AssemblyTwo.csproj", "{F37402E4-7FCE-4779-B6B8-159D3367BA1B}"
EndProject
Project("{9A19103F-16F7-4668-BE54-9A1E7A4F7556}") = "HW.07.Task3", "HW.07.Task3\HW.07.Task3.csproj", "{E3F37117-9294-4744-897E-060A7A1119A7}"
EndProject
Project("{9A19103F-16F7-4668-BE54-9A1E7A4F7556}") = "HW.13.Singleton", "HW.13.OtherTypes\HW.13.Singleton.csproj", "{C31CE3C4-F170-4894-BFB4-5801A9952075}"
EndProject
Project("{FAE04EC0-301F-11D3-BF4B-00C04F79EFBC}") = "HW.13.Song", "HW.13.Song\HW.13.Song.csproj", "{480AF666-04ED-4B6D-9AB6-046352D146EB}"
EndProject
Global
	GlobalSection(SolutionConfigurationPlatforms) = preSolution
		Debug|Any CPU = Debug|Any CPU
		Release|Any CPU = Release|Any CPU
	EndGlobalSection
	GlobalSection(ProjectConfigurationPlatforms) = postSolution
		{D7FC70F3-E366-4F17-9C37-1BEC40F9A5CB}.Debug|Any CPU.ActiveCfg = Debug|Any CPU
		{D7FC70F3-E366-4F17-9C37-1BEC40F9A5CB}.Release|Any CPU.ActiveCfg = Release|Any CPU
		{9335C487-48E8-4940-B0E8-F07DF2603E40}.Debug|Any CPU.ActiveCfg = Debug|Any CPU
		{9335C487-48E8-4940-B0E8-F07DF2603E40}.Release|Any CPU.ActiveCfg = Release|Any CPU
		{002C510A-27B9-4140-9BD5-210C5726CD3E}.Debug|Any CPU.ActiveCfg = Debug|Any CPU
		{002C510A-27B9-4140-9BD5-210C5726CD3E}.Release|Any CPU.ActiveCfg = Release|Any CPU
		{1F4D4D54-D4CC-444D-93EE-A5BF778B82CD}.Debug|Any CPU.ActiveCfg = Debug|Any CPU
		{1F4D4D54-D4CC-444D-93EE-A5BF778B82CD}.Release|Any CPU.ActiveCfg = Release|Any CPU
		{576486FF-9A13-49E1-8E45-689FE8D55F93}.Debug|Any CPU.ActiveCfg = Debug|Any CPU
		{576486FF-9A13-49E1-8E45-689FE8D55F93}.Release|Any CPU.ActiveCfg = Release|Any CPU
		{7232BBAC-95E8-4EA0-88B7-EE361FF79B74}.Debug|Any CPU.ActiveCfg = Debug|Any CPU
		{7232BBAC-95E8-4EA0-88B7-EE361FF79B74}.Release|Any CPU.ActiveCfg = Release|Any CPU
		{7DC92B8E-4252-47FB-B5CB-9F9439D6B469}.Debug|Any CPU.ActiveCfg = Debug|Any CPU
		{7DC92B8E-4252-47FB-B5CB-9F9439D6B469}.Release|Any CPU.ActiveCfg = Release|Any CPU
		{E514D224-8CEB-4925-9F5A-B14FBC13AE8D}.Debug|Any CPU.ActiveCfg = Debug|Any CPU
		{E514D224-8CEB-4925-9F5A-B14FBC13AE8D}.Release|Any CPU.ActiveCfg = Release|Any CPU
		{D4341B13-E431-4A37-9D72-BE60A0B65B48}.Debug|Any CPU.ActiveCfg = Debug|Any CPU
		{D4341B13-E431-4A37-9D72-BE60A0B65B48}.Release|Any CPU.ActiveCfg = Release|Any CPU
		{C39EDC7E-79A5-48E8-8501-CB7AEFCA0A96}.Debug|Any CPU.ActiveCfg = Debug|Any CPU
		{C39EDC7E-79A5-48E8-8501-CB7AEFCA0A96}.Release|Any CPU.ActiveCfg = Release|Any CPU
		{0924C306-2D6F-45D6-A65C-89DF1E19E008}.Debug|Any CPU.ActiveCfg = Debug|Any CPU
		{0924C306-2D6F-45D6-A65C-89DF1E19E008}.Release|Any CPU.ActiveCfg = Release|Any CPU
		{522CA2D1-4F96-4679-9BAB-247F64CE257C}.Debug|Any CPU.ActiveCfg = Debug|Any CPU
		{522CA2D1-4F96-4679-9BAB-247F64CE257C}.Release|Any CPU.ActiveCfg = Release|Any CPU
		{90B75FA1-E835-4335-9A87-AAA8F9474022}.Debug|Any CPU.ActiveCfg = Debug|Any CPU
		{90B75FA1-E835-4335-9A87-AAA8F9474022}.Release|Any CPU.ActiveCfg = Release|Any CPU
		{AC5D105A-1C4B-45DA-AEE9-6D986D5578D6}.Debug|Any CPU.ActiveCfg = Debug|Any CPU
		{AC5D105A-1C4B-45DA-AEE9-6D986D5578D6}.Release|Any CPU.ActiveCfg = Release|Any CPU
		{73D6686D-6A89-4933-AC2B-774817141715}.Debug|Any CPU.ActiveCfg = Debug|Any CPU
		{73D6686D-6A89-4933-AC2B-774817141715}.Release|Any CPU.ActiveCfg = Release|Any CPU
		{3DE4E240-3D3E-4B1E-82A5-0363ED734175}.Debug|Any CPU.ActiveCfg = Debug|Any CPU
		{3DE4E240-3D3E-4B1E-82A5-0363ED734175}.Release|Any CPU.ActiveCfg = Release|Any CPU
		{9825C4F0-443F-4810-A643-506DE2B51D64}.Debug|Any CPU.ActiveCfg = Debug|Any CPU
		{9825C4F0-443F-4810-A643-506DE2B51D64}.Release|Any CPU.ActiveCfg = Release|Any CPU
		{B3FE0666-0503-488C-88F5-870BABAB86CE}.Debug|Any CPU.ActiveCfg = Debug|Any CPU
		{B3FE0666-0503-488C-88F5-870BABAB86CE}.Release|Any CPU.ActiveCfg = Release|Any CPU
		{87157E43-D354-4331-B169-23B0868D7A09}.Debug|Any CPU.ActiveCfg = Debug|Any CPU
		{87157E43-D354-4331-B169-23B0868D7A09}.Release|Any CPU.ActiveCfg = Release|Any CPU
		{840623EF-1343-41EC-B7E3-8DB4CAEAD115}.Debug|Any CPU.ActiveCfg = Debug|Any CPU
		{840623EF-1343-41EC-B7E3-8DB4CAEAD115}.Debug|Any CPU.Build.0 = Debug|Any CPU
		{840623EF-1343-41EC-B7E3-8DB4CAEAD115}.Release|Any CPU.ActiveCfg = Release|Any CPU
		{840623EF-1343-41EC-B7E3-8DB4CAEAD115}.Release|Any CPU.Build.0 = Release|Any CPU
		{8CF0584E-8873-48CD-80DE-3F623FF88DE2}.Debug|Any CPU.ActiveCfg = Debug|Any CPU
		{8CF0584E-8873-48CD-80DE-3F623FF88DE2}.Debug|Any CPU.Build.0 = Debug|Any CPU
		{8CF0584E-8873-48CD-80DE-3F623FF88DE2}.Release|Any CPU.ActiveCfg = Release|Any CPU
		{8CF0584E-8873-48CD-80DE-3F623FF88DE2}.Release|Any CPU.Build.0 = Release|Any CPU
		{F37402E4-7FCE-4779-B6B8-159D3367BA1B}.Debug|Any CPU.ActiveCfg = Debug|Any CPU
		{F37402E4-7FCE-4779-B6B8-159D3367BA1B}.Debug|Any CPU.Build.0 = Debug|Any CPU
		{F37402E4-7FCE-4779-B6B8-159D3367BA1B}.Release|Any CPU.ActiveCfg = Release|Any CPU
		{F37402E4-7FCE-4779-B6B8-159D3367BA1B}.Release|Any CPU.Build.0 = Release|Any CPU
		{E3F37117-9294-4744-897E-060A7A1119A7}.Debug|Any CPU.ActiveCfg = Debug|Any CPU
		{E3F37117-9294-4744-897E-060A7A1119A7}.Debug|Any CPU.Build.0 = Debug|Any CPU
		{E3F37117-9294-4744-897E-060A7A1119A7}.Release|Any CPU.ActiveCfg = Release|Any CPU
		{E3F37117-9294-4744-897E-060A7A1119A7}.Release|Any CPU.Build.0 = Release|Any CPU
		{C31CE3C4-F170-4894-BFB4-5801A9952075}.Debug|Any CPU.ActiveCfg = Debug|Any CPU
		{C31CE3C4-F170-4894-BFB4-5801A9952075}.Debug|Any CPU.Build.0 = Debug|Any CPU
		{C31CE3C4-F170-4894-BFB4-5801A9952075}.Release|Any CPU.ActiveCfg = Release|Any CPU
		{C31CE3C4-F170-4894-BFB4-5801A9952075}.Release|Any CPU.Build.0 = Release|Any CPU
		{480AF666-04ED-4B6D-9AB6-046352D146EB}.Debug|Any CPU.ActiveCfg = Debug|Any CPU
		{480AF666-04ED-4B6D-9AB6-046352D146EB}.Debug|Any CPU.Build.0 = Debug|Any CPU
		{480AF666-04ED-4B6D-9AB6-046352D146EB}.Release|Any CPU.ActiveCfg = Release|Any CPU
		{480AF666-04ED-4B6D-9AB6-046352D146EB}.Release|Any CPU.Build.0 = Release|Any CPU
	EndGlobalSection
	GlobalSection(SolutionProperties) = preSolution
		HideSolutionNode = FALSE
	EndGlobalSection
	GlobalSection(ExtensibilityGlobals) = postSolution
		SolutionGuid = {61DA0E14-687A-4DC9-BF31-2198C584DE9E}
	EndGlobalSection
EndGlobal
