
Microsoft Visual Studio Solution File, Format Version 12.00
# Visual Studio Version 17
VisualStudioVersion = 17.2.32602.215
MinimumVisualStudioVersion = 10.0.40219.1
Project("{FAE04EC0-301F-11D3-BF4B-00C04F79EFBC}") = "HW.06.Task1", "HW.06.Task1\HW.06.Task1.csproj", "{3DE4E240-3D3E-4B1E-82A5-0363ED734175}"
EndProject
Project("{FAE04EC0-301F-11D3-BF4B-00C04F79EFBC}") = "HW.06.Task2", "HW.06.Task2\HW.06.Task2.csproj", "{9825C4F0-443F-4810-A643-506DE2B51D64}"
EndProject
Project("{FAE04EC0-301F-11D3-BF4B-00C04F79EFBC}") = "HW.06.Task3", "HW.06.Task3\HW.06.Task3.csproj", "{B3FE0666-0503-488C-88F5-870BABAB86CE}"
EndProject
Project("{FAE04EC0-301F-11D3-BF4B-00C04F79EFBC}") = "HW.06.Task4", "HW.06.Task4\HW.06.Task4.csproj", "{87157E43-D354-4331-B169-23B0868D7A09}"
EndProject
Global
	GlobalSection(SolutionConfigurationPlatforms) = preSolution
		Debug|Any CPU = Debug|Any CPU
		Release|Any CPU = Release|Any CPU
	EndGlobalSection
	GlobalSection(ProjectConfigurationPlatforms) = postSolution
		{3DE4E240-3D3E-4B1E-82A5-0363ED734175}.Debug|Any CPU.ActiveCfg = Debug|Any CPU
		{3DE4E240-3D3E-4B1E-82A5-0363ED734175}.Debug|Any CPU.Build.0 = Debug|Any CPU
		{3DE4E240-3D3E-4B1E-82A5-0363ED734175}.Release|Any CPU.ActiveCfg = Release|Any CPU
		{3DE4E240-3D3E-4B1E-82A5-0363ED734175}.Release|Any CPU.Build.0 = Release|Any CPU
		{9825C4F0-443F-4810-A643-506DE2B51D64}.Debug|Any CPU.ActiveCfg = Debug|Any CPU
		{9825C4F0-443F-4810-A643-506DE2B51D64}.Debug|Any CPU.Build.0 = Debug|Any CPU
		{9825C4F0-443F-4810-A643-506DE2B51D64}.Release|Any CPU.ActiveCfg = Release|Any CPU
		{9825C4F0-443F-4810-A643-506DE2B51D64}.Release|Any CPU.Build.0 = Release|Any CPU
		{B3FE0666-0503-488C-88F5-870BABAB86CE}.Debug|Any CPU.ActiveCfg = Debug|Any CPU
		{B3FE0666-0503-488C-88F5-870BABAB86CE}.Debug|Any CPU.Build.0 = Debug|Any CPU
		{B3FE0666-0503-488C-88F5-870BABAB86CE}.Release|Any CPU.ActiveCfg = Release|Any CPU
		{B3FE0666-0503-488C-88F5-870BABAB86CE}.Release|Any CPU.Build.0 = Release|Any CPU
		{87157E43-D354-4331-B169-23B0868D7A09}.Debug|Any CPU.ActiveCfg = Debug|Any CPU
		{87157E43-D354-4331-B169-23B0868D7A09}.Debug|Any CPU.Build.0 = Debug|Any CPU
		{87157E43-D354-4331-B169-23B0868D7A09}.Release|Any CPU.ActiveCfg = Release|Any CPU
		{87157E43-D354-4331-B169-23B0868D7A09}.Release|Any CPU.Build.0 = Release|Any CPU
	EndGlobalSection
	GlobalSection(SolutionProperties) = preSolution
		HideSolutionNode = FALSE
	EndGlobalSection
	GlobalSection(ExtensibilityGlobals) = postSolution
		SolutionGuid = {61DA0E14-687A-4DC9-BF31-2198C584DE9E}
	EndGlobalSection
EndGlobal
